
Microsoft Visual Studio Solution File, Format Version 12.00
# Visual Studio Version 16
VisualStudioVersion = 16.0.31321.278
MinimumVisualStudioVersion = 10.0.40219.1
Project("{888888A0-9F3D-457C-B088-3A5042F75D52}") = "Keo_Bua_Bao_Game", "Keo_Bua_Bao_Game.pyproj", "{2F86A85D-B300-46B9-A87B-A23A8398494C}"
EndProject
Global
	GlobalSection(SolutionConfigurationPlatforms) = preSolution
		Debug|Any CPU = Debug|Any CPU
		Release|Any CPU = Release|Any CPU
	EndGlobalSection
	GlobalSection(ProjectConfigurationPlatforms) = postSolution
		{2F86A85D-B300-46B9-A87B-A23A8398494C}.Debug|Any CPU.ActiveCfg = Debug|Any CPU
		{2F86A85D-B300-46B9-A87B-A23A8398494C}.Release|Any CPU.ActiveCfg = Release|Any CPU
	EndGlobalSection
	GlobalSection(SolutionProperties) = preSolution
		HideSolutionNode = FALSE
	EndGlobalSection
	GlobalSection(ExtensibilityGlobals) = postSolution
		SolutionGuid = {BF19DDD9-61E7-4C47-9E20-B6084E103237}
	EndGlobalSection
EndGlobal
